
Microsoft Visual Studio Solution File, Format Version 12.00
# Visual Studio 14
VisualStudioVersion = 14.0.23107.0
MinimumVisualStudioVersion = 10.0.40219.1
Project("{FAE04EC0-301F-11D3-BF4B-00C04F79EFBC}") = "VirtualStoreModel", "VirtualStoreModel\VirtualStoreModel.csproj", "{70A05496-9775-4DAF-A613-F318854125AD}"
EndProject
Project("{FAE04EC0-301F-11D3-BF4B-00C04F79EFBC}") = "PisaUtils", "pisa-utils\PisaUtils\PisaUtils.csproj", "{5712DFAB-386A-482D-9D4E-F736940E6385}"
EndProject
Global
	GlobalSection(SolutionConfigurationPlatforms) = preSolution
		Debug|Any CPU = Debug|Any CPU
		Release|Any CPU = Release|Any CPU
	EndGlobalSection
	GlobalSection(ProjectConfigurationPlatforms) = postSolution
		{70A05496-9775-4DAF-A613-F318854125AD}.Debug|Any CPU.ActiveCfg = Debug|Any CPU
		{70A05496-9775-4DAF-A613-F318854125AD}.Debug|Any CPU.Build.0 = Debug|Any CPU
		{70A05496-9775-4DAF-A613-F318854125AD}.Release|Any CPU.ActiveCfg = Release|Any CPU
		{70A05496-9775-4DAF-A613-F318854125AD}.Release|Any CPU.Build.0 = Release|Any CPU
		{5712DFAB-386A-482D-9D4E-F736940E6385}.Debug|Any CPU.ActiveCfg = Debug|Any CPU
		{5712DFAB-386A-482D-9D4E-F736940E6385}.Debug|Any CPU.Build.0 = Debug|Any CPU
		{5712DFAB-386A-482D-9D4E-F736940E6385}.Release|Any CPU.ActiveCfg = Release|Any CPU
		{5712DFAB-386A-482D-9D4E-F736940E6385}.Release|Any CPU.Build.0 = Release|Any CPU
	EndGlobalSection
	GlobalSection(SolutionProperties) = preSolution
		HideSolutionNode = FALSE
	EndGlobalSection
EndGlobal
